
Microsoft Visual Studio Solution File, Format Version 12.00
# Visual Studio 14
VisualStudioVersion = 14.0.25420.1
MinimumVisualStudioVersion = 10.0.40219.1
Project("{FAE04EC0-301F-11D3-BF4B-00C04F79EFBC}") = "Anchovy.API.Service", "Anchovy.API.Service\Anchovy.API.Service.csproj", "{D4808EE7-9978-4CFF-A4A2-7274013C45F1}"
EndProject
Project("{FAE04EC0-301F-11D3-BF4B-00C04F79EFBC}") = "Anchovy.API.Service.Tests", "Anchovy.API.Service.Tests\Anchovy.API.Service.Tests.csproj", "{8D2689DC-3715-4AE0-992B-87CD5D575594}"
EndProject
Project("{FAE04EC0-301F-11D3-BF4B-00C04F79EFBC}") = "Anchovy.API.Client", "Anchovy.API.Client\Anchovy.API.Client.csproj", "{9A289605-399F-4544-879C-D4310B9BF44E}"
EndProject
Project("{FAE04EC0-301F-11D3-BF4B-00C04F79EFBC}") = "Anchovy.API.Client.Tests", "Anchovy.API.Client.Tests\Anchovy.API.Client.Tests.csproj", "{DEBD2D99-9E44-4FFA-BE7C-9F834ABEDF28}"
EndProject
Project("{FAE04EC0-301F-11D3-BF4B-00C04F79EFBC}") = "Anchovy.Cook.Login", "Anchovy.Cook.GUI\Anchovy.Cook.Login.csproj", "{6034F7F8-F11A-499D-9EB0-56DC2BE23DA6}"
EndProject
Project("{FAE04EC0-301F-11D3-BF4B-00C04F79EFBC}") = "Anchovy.Cook.Main", "Anchovy.Cook.GUI\Anchovy.Cook.Main\Anchovy.Cook.Main.csproj", "{C0A37E00-4304-40CA-BC0D-9FFA7FB2CC38}"
EndProject
Project("{FAE04EC0-301F-11D3-BF4B-00C04F79EFBC}") = "Anchovy.Models.Utilities", "Anchovy.Models.Utilities\Anchovy.Models.Utilities.csproj", "{FF32D0C8-0801-47AF-8283-9CECBB08B6C5}"
EndProject
Project("{FAE04EC0-301F-11D3-BF4B-00C04F79EFBC}") = "Anchovy.Manager.Main", "Anchovy.Manager.Main\Anchovy.Manager.Main.csproj", "{6084834C-C3A6-40B5-80A3-1A9344B79E7F}"
EndProject
Project("{FAE04EC0-301F-11D3-BF4B-00C04F79EFBC}") = "Anchovy.Customer.SignUp", "Anchovy.Customer.SignUp\Anchovy.Customer.SignUp.csproj", "{91DAAF35-717A-42CA-AF8A-309846376AB1}"
EndProject
Project("{FAE04EC0-301F-11D3-BF4B-00C04F79EFBC}") = "Anchovy.Customer.Login", "Anchovy.Customer.Login\Anchovy.Customer.Login.csproj", "{8666EE97-752F-452F-B413-AA3BCFAFB9D9}"
EndProject
Project("{FAE04EC0-301F-11D3-BF4B-00C04F79EFBC}") = "Anchovy.Customer.ForgotPassword", "Anchovy.Customer.ForgotPassword\Anchovy.Customer.ForgotPassword.csproj", "{94C4F66A-798F-4958-B835-9550A7290748}"
EndProject
Project("{FAE04EC0-301F-11D3-BF4B-00C04F79EFBC}") = "Anchovy.Customer.Main", "Anchovy.Customer.Main\Anchovy.Customer.Main.csproj", "{51C5C871-0101-47DE-8F7C-FB33FA317074}"
EndProject
Global
	GlobalSection(SolutionConfigurationPlatforms) = preSolution
		Debug|Any CPU = Debug|Any CPU
		Release|Any CPU = Release|Any CPU
	EndGlobalSection
	GlobalSection(ProjectConfigurationPlatforms) = postSolution
		{D4808EE7-9978-4CFF-A4A2-7274013C45F1}.Debug|Any CPU.ActiveCfg = Debug|Any CPU
		{D4808EE7-9978-4CFF-A4A2-7274013C45F1}.Debug|Any CPU.Build.0 = Debug|Any CPU
		{D4808EE7-9978-4CFF-A4A2-7274013C45F1}.Release|Any CPU.ActiveCfg = Release|Any CPU
		{D4808EE7-9978-4CFF-A4A2-7274013C45F1}.Release|Any CPU.Build.0 = Release|Any CPU
		{8D2689DC-3715-4AE0-992B-87CD5D575594}.Debug|Any CPU.ActiveCfg = Debug|Any CPU
		{8D2689DC-3715-4AE0-992B-87CD5D575594}.Debug|Any CPU.Build.0 = Debug|Any CPU
		{8D2689DC-3715-4AE0-992B-87CD5D575594}.Release|Any CPU.ActiveCfg = Release|Any CPU
		{8D2689DC-3715-4AE0-992B-87CD5D575594}.Release|Any CPU.Build.0 = Release|Any CPU
		{9A289605-399F-4544-879C-D4310B9BF44E}.Debug|Any CPU.ActiveCfg = Debug|Any CPU
		{9A289605-399F-4544-879C-D4310B9BF44E}.Debug|Any CPU.Build.0 = Debug|Any CPU
		{9A289605-399F-4544-879C-D4310B9BF44E}.Release|Any CPU.ActiveCfg = Release|Any CPU
		{9A289605-399F-4544-879C-D4310B9BF44E}.Release|Any CPU.Build.0 = Release|Any CPU
		{DEBD2D99-9E44-4FFA-BE7C-9F834ABEDF28}.Debug|Any CPU.ActiveCfg = Debug|Any CPU
		{DEBD2D99-9E44-4FFA-BE7C-9F834ABEDF28}.Debug|Any CPU.Build.0 = Debug|Any CPU
		{DEBD2D99-9E44-4FFA-BE7C-9F834ABEDF28}.Release|Any CPU.ActiveCfg = Release|Any CPU
		{DEBD2D99-9E44-4FFA-BE7C-9F834ABEDF28}.Release|Any CPU.Build.0 = Release|Any CPU
		{6034F7F8-F11A-499D-9EB0-56DC2BE23DA6}.Debug|Any CPU.ActiveCfg = Debug|Any CPU
		{6034F7F8-F11A-499D-9EB0-56DC2BE23DA6}.Debug|Any CPU.Build.0 = Debug|Any CPU
		{6034F7F8-F11A-499D-9EB0-56DC2BE23DA6}.Release|Any CPU.ActiveCfg = Release|Any CPU
		{6034F7F8-F11A-499D-9EB0-56DC2BE23DA6}.Release|Any CPU.Build.0 = Release|Any CPU
		{C0A37E00-4304-40CA-BC0D-9FFA7FB2CC38}.Debug|Any CPU.ActiveCfg = Debug|Any CPU
		{C0A37E00-4304-40CA-BC0D-9FFA7FB2CC38}.Debug|Any CPU.Build.0 = Debug|Any CPU
		{C0A37E00-4304-40CA-BC0D-9FFA7FB2CC38}.Release|Any CPU.ActiveCfg = Release|Any CPU
		{C0A37E00-4304-40CA-BC0D-9FFA7FB2CC38}.Release|Any CPU.Build.0 = Release|Any CPU
		{FF32D0C8-0801-47AF-8283-9CECBB08B6C5}.Debug|Any CPU.ActiveCfg = Debug|Any CPU
		{FF32D0C8-0801-47AF-8283-9CECBB08B6C5}.Debug|Any CPU.Build.0 = Debug|Any CPU
		{FF32D0C8-0801-47AF-8283-9CECBB08B6C5}.Release|Any CPU.ActiveCfg = Release|Any CPU
		{FF32D0C8-0801-47AF-8283-9CECBB08B6C5}.Release|Any CPU.Build.0 = Release|Any CPU
		{6084834C-C3A6-40B5-80A3-1A9344B79E7F}.Debug|Any CPU.ActiveCfg = Debug|Any CPU
		{6084834C-C3A6-40B5-80A3-1A9344B79E7F}.Debug|Any CPU.Build.0 = Debug|Any CPU
		{6084834C-C3A6-40B5-80A3-1A9344B79E7F}.Release|Any CPU.ActiveCfg = Release|Any CPU
		{6084834C-C3A6-40B5-80A3-1A9344B79E7F}.Release|Any CPU.Build.0 = Release|Any CPU
		{91DAAF35-717A-42CA-AF8A-309846376AB1}.Debug|Any CPU.ActiveCfg = Debug|Any CPU
		{91DAAF35-717A-42CA-AF8A-309846376AB1}.Debug|Any CPU.Build.0 = Debug|Any CPU
		{91DAAF35-717A-42CA-AF8A-309846376AB1}.Release|Any CPU.ActiveCfg = Release|Any CPU
		{91DAAF35-717A-42CA-AF8A-309846376AB1}.Release|Any CPU.Build.0 = Release|Any CPU
		{8666EE97-752F-452F-B413-AA3BCFAFB9D9}.Debug|Any CPU.ActiveCfg = Debug|Any CPU
		{8666EE97-752F-452F-B413-AA3BCFAFB9D9}.Debug|Any CPU.Build.0 = Debug|Any CPU
		{8666EE97-752F-452F-B413-AA3BCFAFB9D9}.Release|Any CPU.ActiveCfg = Release|Any CPU
		{8666EE97-752F-452F-B413-AA3BCFAFB9D9}.Release|Any CPU.Build.0 = Release|Any CPU
		{94C4F66A-798F-4958-B835-9550A7290748}.Debug|Any CPU.ActiveCfg = Debug|Any CPU
		{94C4F66A-798F-4958-B835-9550A7290748}.Debug|Any CPU.Build.0 = Debug|Any CPU
		{94C4F66A-798F-4958-B835-9550A7290748}.Release|Any CPU.ActiveCfg = Release|Any CPU
		{94C4F66A-798F-4958-B835-9550A7290748}.Release|Any CPU.Build.0 = Release|Any CPU
		{51C5C871-0101-47DE-8F7C-FB33FA317074}.Debug|Any CPU.ActiveCfg = Debug|Any CPU
		{51C5C871-0101-47DE-8F7C-FB33FA317074}.Debug|Any CPU.Build.0 = Debug|Any CPU
		{51C5C871-0101-47DE-8F7C-FB33FA317074}.Release|Any CPU.ActiveCfg = Release|Any CPU
		{51C5C871-0101-47DE-8F7C-FB33FA317074}.Release|Any CPU.Build.0 = Release|Any CPU
	EndGlobalSection
	GlobalSection(SolutionProperties) = preSolution
		HideSolutionNode = FALSE
	EndGlobalSection
EndGlobal
